{
  "requires": true,
  "lockfileVersion": 1,
  "dependencies": {
    "jStat": {
      "version": "1.7.0",
      "resolved": "https://registry.npmjs.org/jStat/-/jStat-1.7.0.tgz",
      "integrity": "sha512-tE8CjJzbqvqhP1cHY+7C3IG6oTu4Qkc8InoZQbQhVGC83aIp5h03ewudkDDk42aV7T+KSmGfhxvMj+WnOsRFFQ=="
    }
  }
}
